
Microsoft Visual Studio Solution File, Format Version 12.00
# Visual Studio Version 17
VisualStudioVersion = 17.11.35303.130
MinimumVisualStudioVersion = 10.0.40219.1
Project("{2150E333-8FDC-42A3-9474-1A3956D46DE8}") = "Task0", "Task0", "{266149ED-1445-4430-9577-8E856B5A3D6E}"
EndProject
Project("{9A19103F-16F7-4668-BE54-9A1E7A4F7556}") = "Tyuiu.VorobevAD.Sprint6.Task0.V6", "Tyuiu.VorobevAD.Sprint6.Task0.V6\Tyuiu.VorobevAD.Sprint6.Task0.V6.csproj", "{1AB4B2A2-DD5C-40A3-A809-D40DE6EDF52C}"
EndProject
Project("{FAE04EC0-301F-11D3-BF4B-00C04F79EFBC}") = "Tyuiu.VorobevAD.Sprint6.Task0.V6.Lib", "Tyuiu.VorobevAD.Sprint6.Task0.V6.Lib\Tyuiu.VorobevAD.Sprint6.Task0.V6.Lib.csproj", "{B172F9C3-568F-46B3-B96B-CE9A289B1856}"
EndProject
Global
	GlobalSection(SolutionConfigurationPlatforms) = preSolution
		Debug|Any CPU = Debug|Any CPU
		Release|Any CPU = Release|Any CPU
	EndGlobalSection
	GlobalSection(ProjectConfigurationPlatforms) = postSolution
		{1AB4B2A2-DD5C-40A3-A809-D40DE6EDF52C}.Debug|Any CPU.ActiveCfg = Debug|Any CPU
		{1AB4B2A2-DD5C-40A3-A809-D40DE6EDF52C}.Debug|Any CPU.Build.0 = Debug|Any CPU
		{1AB4B2A2-DD5C-40A3-A809-D40DE6EDF52C}.Release|Any CPU.ActiveCfg = Release|Any CPU
		{1AB4B2A2-DD5C-40A3-A809-D40DE6EDF52C}.Release|Any CPU.Build.0 = Release|Any CPU
		{B172F9C3-568F-46B3-B96B-CE9A289B1856}.Debug|Any CPU.ActiveCfg = Debug|Any CPU
		{B172F9C3-568F-46B3-B96B-CE9A289B1856}.Debug|Any CPU.Build.0 = Debug|Any CPU
		{B172F9C3-568F-46B3-B96B-CE9A289B1856}.Release|Any CPU.ActiveCfg = Release|Any CPU
		{B172F9C3-568F-46B3-B96B-CE9A289B1856}.Release|Any CPU.Build.0 = Release|Any CPU
	EndGlobalSection
	GlobalSection(SolutionProperties) = preSolution
		HideSolutionNode = FALSE
	EndGlobalSection
	GlobalSection(NestedProjects) = preSolution
		{1AB4B2A2-DD5C-40A3-A809-D40DE6EDF52C} = {266149ED-1445-4430-9577-8E856B5A3D6E}
		{B172F9C3-568F-46B3-B96B-CE9A289B1856} = {266149ED-1445-4430-9577-8E856B5A3D6E}
	EndGlobalSection
	GlobalSection(ExtensibilityGlobals) = postSolution
		SolutionGuid = {F73AC33B-06DC-40D3-9624-E9780C7083D2}
	EndGlobalSection
EndGlobal
